
Microsoft Visual Studio Solution File, Format Version 12.00
# Visual Studio Version 16
VisualStudioVersion = 16.0.30114.105
MinimumVisualStudioVersion = 10.0.40219.1
Project("{FAE04EC0-301F-11D3-BF4B-00C04F79EFBC}") = "ef3 sqlite", "ef3 sqlite.csproj", "{AA415A5F-477E-46CF-934F-3B765D3CD3FA}"
EndProject
Global
	GlobalSection(SolutionConfigurationPlatforms) = preSolution
		Debug|Any CPU = Debug|Any CPU
		Release|Any CPU = Release|Any CPU
	EndGlobalSection
	GlobalSection(SolutionProperties) = preSolution
		HideSolutionNode = FALSE
	EndGlobalSection
	GlobalSection(ProjectConfigurationPlatforms) = postSolution
		{AA415A5F-477E-46CF-934F-3B765D3CD3FA}.Debug|Any CPU.ActiveCfg = Debug|Any CPU
		{AA415A5F-477E-46CF-934F-3B765D3CD3FA}.Debug|Any CPU.Build.0 = Debug|Any CPU
		{AA415A5F-477E-46CF-934F-3B765D3CD3FA}.Release|Any CPU.ActiveCfg = Release|Any CPU
		{AA415A5F-477E-46CF-934F-3B765D3CD3FA}.Release|Any CPU.Build.0 = Release|Any CPU
	EndGlobalSection
EndGlobal
