
Microsoft Visual Studio Solution File, Format Version 12.00
# Visual Studio Version 16
VisualStudioVersion = 16.0.32002.261
MinimumVisualStudioVersion = 10.0.40219.1
Project("{FAE04EC0-301F-11D3-BF4B-00C04F79EFBC}") = "Async简单解释vs2019", "Async简单解释vs2019\Async简单解释vs2019.csproj", "{30FC2482-B836-43F1-8CED-A39B7B683080}"
EndProject
Global
	GlobalSection(SolutionConfigurationPlatforms) = preSolution
		Debug|Any CPU = Debug|Any CPU
		Release|Any CPU = Release|Any CPU
	EndGlobalSection
	GlobalSection(ProjectConfigurationPlatforms) = postSolution
		{30FC2482-B836-43F1-8CED-A39B7B683080}.Debug|Any CPU.ActiveCfg = Debug|Any CPU
		{30FC2482-B836-43F1-8CED-A39B7B683080}.Debug|Any CPU.Build.0 = Debug|Any CPU
		{30FC2482-B836-43F1-8CED-A39B7B683080}.Release|Any CPU.ActiveCfg = Release|Any CPU
		{30FC2482-B836-43F1-8CED-A39B7B683080}.Release|Any CPU.Build.0 = Release|Any CPU
	EndGlobalSection
	GlobalSection(SolutionProperties) = preSolution
		HideSolutionNode = FALSE
	EndGlobalSection
	GlobalSection(ExtensibilityGlobals) = postSolution
		SolutionGuid = {77010004-EED6-4451-B593-D4D383192106}
	EndGlobalSection
EndGlobal
